
Microsoft Visual Studio Solution File, Format Version 12.00
# Visual Studio Version 17
VisualStudioVersion = 17.8.34322.80
MinimumVisualStudioVersion = 10.0.40219.1
Project("{FAE04EC0-301F-11D3-BF4B-00C04F79EFBC}") = "Riley033.TestDeploymentRepo", "Riley033.TestDeploymentRepo\Riley033.TestDeploymentRepo.csproj", "{273CD37C-20BE-4FB7-9CD7-7FD8A74BF3AA}"
EndProject
Global
	GlobalSection(SolutionConfigurationPlatforms) = preSolution
		Debug|Any CPU = Debug|Any CPU
		Release|Any CPU = Release|Any CPU
	EndGlobalSection
	GlobalSection(ProjectConfigurationPlatforms) = postSolution
		{273CD37C-20BE-4FB7-9CD7-7FD8A74BF3AA}.Debug|Any CPU.ActiveCfg = Debug|Any CPU
		{273CD37C-20BE-4FB7-9CD7-7FD8A74BF3AA}.Debug|Any CPU.Build.0 = Debug|Any CPU
		{273CD37C-20BE-4FB7-9CD7-7FD8A74BF3AA}.Release|Any CPU.ActiveCfg = Release|Any CPU
		{273CD37C-20BE-4FB7-9CD7-7FD8A74BF3AA}.Release|Any CPU.Build.0 = Release|Any CPU
	EndGlobalSection
	GlobalSection(SolutionProperties) = preSolution
		HideSolutionNode = FALSE
	EndGlobalSection
	GlobalSection(ExtensibilityGlobals) = postSolution
		SolutionGuid = {F1089ADA-17F6-4AA1-8EAE-C5D61EFE7B4A}
	EndGlobalSection
EndGlobal
